
Microsoft Visual Studio Solution File, Format Version 12.00
# Visual Studio 2012
Project("{8BC9CEB8-8B4A-11D0-8D11-00A0C91BC942}") = "libDragonbones", "libDragonbones.vcxproj", "{2633E5D1-C31E-466B-844C-67E6B82D9682}"
EndProject
Global
	GlobalSection(SolutionConfigurationPlatforms) = preSolution
		Debug|Win32 = Debug|Win32
		Release|Win32 = Release|Win32
	EndGlobalSection
	GlobalSection(ProjectConfigurationPlatforms) = postSolution
		{2633E5D1-C31E-466B-844C-67E6B82D9682}.Debug|Win32.ActiveCfg = Debug|Win32
		{2633E5D1-C31E-466B-844C-67E6B82D9682}.Debug|Win32.Build.0 = Debug|Win32
		{2633E5D1-C31E-466B-844C-67E6B82D9682}.Release|Win32.ActiveCfg = Release|Win32
		{2633E5D1-C31E-466B-844C-67E6B82D9682}.Release|Win32.Build.0 = Release|Win32
	EndGlobalSection
	GlobalSection(SolutionProperties) = preSolution
		HideSolutionNode = FALSE
	EndGlobalSection
EndGlobal
